
Microsoft Visual Studio Solution File, Format Version 12.00
# Visual Studio Version 16
VisualStudioVersion = 25.0.1704.2
MinimumVisualStudioVersion = 10.0.40219.1
Project("{FAE04EC0-301F-11D3-BF4B-00C04F79EFBC}") = "Multiverse2", "Multiverse2\Multiverse2.csproj", "{451173D8-A531-4B36-BE09-62CE0B53F2BD}"
EndProject
Global
	GlobalSection(SolutionConfigurationPlatforms) = preSolution
		Debug|Any CPU = Debug|Any CPU
		Release|Any CPU = Release|Any CPU
	EndGlobalSection
	GlobalSection(ProjectConfigurationPlatforms) = postSolution
		{451173D8-A531-4B36-BE09-62CE0B53F2BD}.Debug|Any CPU.ActiveCfg = Debug|Any CPU
		{451173D8-A531-4B36-BE09-62CE0B53F2BD}.Debug|Any CPU.Build.0 = Debug|Any CPU
		{451173D8-A531-4B36-BE09-62CE0B53F2BD}.Release|Any CPU.ActiveCfg = Release|Any CPU
		{451173D8-A531-4B36-BE09-62CE0B53F2BD}.Release|Any CPU.Build.0 = Release|Any CPU
	EndGlobalSection
	GlobalSection(SolutionProperties) = preSolution
		HideSolutionNode = FALSE
	EndGlobalSection
	GlobalSection(ExtensibilityGlobals) = postSolution
		SolutionGuid = {5EBAA6BC-3DAB-46A2-986A-69523B6DCF23}
	EndGlobalSection
EndGlobal
